{
  "name": "undrgrnd",
  "version": "1.0.0",
  "lockfileVersion": 1,
  "requires": true,
  "dependencies": {
    "@nuxtjs/apollo": {
      "version": "3.0.4",
      "resolved": "https://registry.npmjs.org/@nuxtjs/apollo/-/apollo-3.0.4.tgz",
      "integrity": "sha512-QDtG01ei1Q+csKfaBRjuqSpIIPLajv1igLuPqwLcBFjszmTbESlmJSBpjEE3kypElqI51aisvMXymP1IDFxtVA==",
      "requires": {
        "apollo-cache-inmemory": "1.1.9",
        "apollo-client": "2.2.5",
        "isomorphic-fetch": "2.2.1",
        "vue-apollo": "3.0.0-beta.4"
      }
    },
    "@types/async": {
      "version": "2.0.47",
      "resolved": "https://registry.npmjs.org/@types/async/-/async-2.0.47.tgz",
      "integrity": "sha512-/mQMARXVSuGbwOFFBKA4s0qRKtOaaTgnllp3qU4sMzDVGGAroPblyd529yBALnK/WEY8nHyRGx0/RFUDmhpVmQ==",
      "optional": true
    },
    "@types/node": {
      "version": "9.4.6",
      "resolved": "https://registry.npmjs.org/@types/node/-/node-9.4.6.tgz",
      "integrity": "sha512-CTUtLb6WqCCgp6P59QintjHWqzf4VL1uPA27bipLAPxFqrtK1gEYllePzTICGqQ8rYsCbpnsNypXjjDzGAAjEQ=="
    },
    "@types/zen-observable": {
      "version": "0.5.3",
      "resolved": "https://registry.npmjs.org/@types/zen-observable/-/zen-observable-0.5.3.tgz",
      "integrity": "sha512-aDvGDAHcVfUqNmd8q4//cHAP+HGxsbChbBbuk3+kMVk5TTxfWLpQWvVN3+UPjohLnwMYN7jr6BWNn2cYNqdm7g=="
    },
    "apollo-cache": {
      "version": "1.1.4",
      "resolved": "https://registry.npmjs.org/apollo-cache/-/apollo-cache-1.1.4.tgz",
      "integrity": "sha512-ldmThmabOtC1boSO05OB1gqJbTR+mNHmB8kOe2WrV2Wjrd+ByO1rfrWOoAntj+XhyEsizYzyw876Sg0fvVkFWA==",
      "requires": {
        "apollo-utilities": "1.0.8"
      }
    },
    "apollo-cache-inmemory": {
      "version": "1.1.9",
      "resolved": "https://registry.npmjs.org/apollo-cache-inmemory/-/apollo-cache-inmemory-1.1.9.tgz",
      "integrity": "sha512-Bo53czxEg4yblqrzH9ej9sHN6bXQktEKVDNwuAyWcAM8FAUH4ewzsZ+0rF8reN6fyCFKq09z6+vFWLIE2+U8ew==",
      "requires": {
        "apollo-cache": "1.1.4",
        "apollo-utilities": "1.0.8",
        "graphql-anywhere": "4.1.5"
      }
    },
    "apollo-client": {
      "version": "2.2.5",
      "resolved": "https://registry.npmjs.org/apollo-client/-/apollo-client-2.2.5.tgz",
      "integrity": "sha512-fzNyOLrECo3WHQdur269Ofm2Y7lvx6bCCQV5B95AY7b2kdrdKmtqEaJ3C02R3D2WhiPIYJ5/0rWZquYlqR7V8Q==",
      "requires": {
        "@types/async": "2.0.47",
        "@types/zen-observable": "0.5.3",
        "apollo-cache": "1.1.4",
        "apollo-link": "1.2.1",
        "apollo-link-dedup": "1.0.8",
        "apollo-utilities": "1.0.8",
        "symbol-observable": "1.2.0",
        "zen-observable": "0.7.1"
      }
    },
    "apollo-link": {
      "version": "1.2.1",
      "resolved": "https://registry.npmjs.org/apollo-link/-/apollo-link-1.2.1.tgz",
      "integrity": "sha512-6Ghf+j3cQLCIvjXd2dJrLw+16HZbWbwmB1qlTc41BviB2hv+rK1nJr17Y9dWK0UD4p3i9Hfddx3tthpMKrueHg==",
      "requires": {
        "@types/node": "9.4.6",
        "apollo-utilities": "1.0.8",
        "zen-observable-ts": "0.8.8"
      }
    },
    "apollo-link-dedup": {
      "version": "1.0.8",
      "resolved": "https://registry.npmjs.org/apollo-link-dedup/-/apollo-link-dedup-1.0.8.tgz",
      "integrity": "sha512-M4p8yzX7sSID+R/qxz3ti+IGeRi6yuyEEG8Apd6wQwsefG83LTzhMJYO7Z08Yg4tOFUfqbp32RW9ZjwmyrcBVg==",
      "requires": {
        "apollo-link": "1.2.1"
      }
    },
    "apollo-link-http": {
      "version": "1.5.2",
      "resolved": "https://registry.npmjs.org/apollo-link-http/-/apollo-link-http-1.5.2.tgz",
      "integrity": "sha512-TVOslggUbEdxuKYScqZ6PcMm85CkO93PDQpcdq1HASnHHEnK6TkR37hfGhZ8tGHMfxsmTYwH/A76a9AVPN3B4w==",
      "requires": {
        "apollo-link": "1.2.1",
        "apollo-link-http-common": "0.2.2"
      }
    },
    "apollo-link-http-common": {
      "version": "0.2.2",
      "resolved": "https://registry.npmjs.org/apollo-link-http-common/-/apollo-link-http-common-0.2.2.tgz",
      "integrity": "sha512-97r/cNC3YAj5/vr0vYHScyoSWWpJnHeb/gdN0PaLc+81CGomByR17GhjOYAUg4W1urEE6f0GWbRvpwma6OYqlA==",
      "requires": {
        "apollo-link": "1.2.1"
      }
    },
    "apollo-link-ws": {
      "version": "1.0.7",
      "resolved": "https://registry.npmjs.org/apollo-link-ws/-/apollo-link-ws-1.0.7.tgz",
      "integrity": "sha512-Ky2/zQuA/UwdORKBVMnYaogB5L9u9HFtCuJNmfeF5F+VBocYLa5v5gaCgo3v1o/6hwXy0HuU/KPRYu3wyUsrtQ==",
      "requires": {
        "apollo-link": "1.2.1"
      }
    },
    "apollo-utilities": {
      "version": "1.0.8",
      "resolved": "https://registry.npmjs.org/apollo-utilities/-/apollo-utilities-1.0.8.tgz",
      "integrity": "sha512-EvqRJCw5xy2gWeH37toUimbEkmUxronCosBNE4tOCJvZUMLLGB8CuTQ5RsBhKJm+rZ6kwGxV+2uszk14f/P/rA=="
    },
    "async-limiter": {
      "version": "1.0.0",
      "resolved": "https://registry.npmjs.org/async-limiter/-/async-limiter-1.0.0.tgz",
      "integrity": "sha512-jp/uFnooOiO+L211eZOoSyzpOITMXx1rBITauYykG3BRYPu8h0UcxsPNB04RR5vo4Tyz3+ay17tR6JVf9qzYWg=="
    },
    "backo2": {
      "version": "1.0.2",
      "resolved": "https://registry.npmjs.org/backo2/-/backo2-1.0.2.tgz",
      "integrity": "sha1-MasayLEpNjRj41s+u2n038+6eUc="
    },
    "encoding": {
      "version": "0.1.12",
      "resolved": "https://registry.npmjs.org/encoding/-/encoding-0.1.12.tgz",
      "integrity": "sha1-U4tm8+5izRq1HsMjgp0flIDHS+s=",
      "requires": {
        "iconv-lite": "0.4.19"
      }
    },
    "eventemitter3": {
      "version": "2.0.3",
      "resolved": "https://registry.npmjs.org/eventemitter3/-/eventemitter3-2.0.3.tgz",
      "integrity": "sha1-teEHm1n7XhuidxwKmTvgYKWMmbo="
    },
    "graphql": {
      "version": "0.13.1",
      "resolved": "https://registry.npmjs.org/graphql/-/graphql-0.13.1.tgz",
      "integrity": "sha512-awNp3LTrQ7dJDSX3p3PBuxNDC+WFSOrWeV6+l4Xeh2PQJVOFyQ9SZPonXRz2WZc7aIxLZsf2nDZuuuc0qyEq/A==",
      "requires": {
        "iterall": "1.2.1"
      }
    },
    "graphql-anywhere": {
      "version": "4.1.5",
      "resolved": "https://registry.npmjs.org/graphql-anywhere/-/graphql-anywhere-4.1.5.tgz",
      "integrity": "sha512-M/5tK73y3JDpwOKShrwuQGu4bo2Mm3DqiTfkUcmvxONfyDTwvf8qn/TVe59yC0SbwNbFiVbZigXgijP+3riyBA==",
      "requires": {
        "apollo-utilities": "1.0.8"
      }
    },
    "graphql-tag": {
      "version": "2.8.0",
      "resolved": "https://registry.npmjs.org/graphql-tag/-/graphql-tag-2.8.0.tgz",
      "integrity": "sha1-Us3qB6hCFU7BGi6EDBG5d/m4Nc4="
    },
    "iconv-lite": {
      "version": "0.4.19",
      "resolved": "https://registry.npmjs.org/iconv-lite/-/iconv-lite-0.4.19.tgz",
      "integrity": "sha512-oTZqweIP51xaGPI4uPa56/Pri/480R+mo7SeU+YETByQNhDG55ycFyNLIgta9vXhILrxXDmF7ZGhqZIcuN0gJQ=="
    },
    "is-stream": {
      "version": "1.1.0",
      "resolved": "https://registry.npmjs.org/is-stream/-/is-stream-1.1.0.tgz",
      "integrity": "sha1-EtSj3U5o4Lec6428hBc66A2RykQ="
    },
    "isomorphic-fetch": {
      "version": "2.2.1",
      "resolved": "https://registry.npmjs.org/isomorphic-fetch/-/isomorphic-fetch-2.2.1.tgz",
      "integrity": "sha1-YRrhrPFPXoH3KVB0coGf6XM1WKk=",
      "requires": {
        "node-fetch": "1.7.3",
        "whatwg-fetch": "2.0.3"
      }
    },
    "iterall": {
      "version": "1.2.1",
      "resolved": "https://registry.npmjs.org/iterall/-/iterall-1.2.1.tgz",
      "integrity": "sha512-XH2awY4PboL5tG5i2P7wZ2E6oet/JkmEUpUhjcroXxBUy7bPsUOXRDMAAZe+rnH2azSXboqvyDIp5n2f7GtlCQ=="
    },
    "lodash.assign": {
      "version": "4.2.0",
      "resolved": "https://registry.npmjs.org/lodash.assign/-/lodash.assign-4.2.0.tgz",
      "integrity": "sha1-DZnzzNem0mHRm9rrkkUAXShYCOc="
    },
    "lodash.debounce": {
      "version": "4.0.8",
      "resolved": "https://registry.npmjs.org/lodash.debounce/-/lodash.debounce-4.0.8.tgz",
      "integrity": "sha1-gteb/zCmfEAF/9XiUVMArZyk168="
    },
    "lodash.isobject": {
      "version": "3.0.2",
      "resolved": "https://registry.npmjs.org/lodash.isobject/-/lodash.isobject-3.0.2.tgz",
      "integrity": "sha1-PI+41bW/S/kK4G4U8qUwpO2TXh0="
    },
    "lodash.isstring": {
      "version": "4.0.1",
      "resolved": "https://registry.npmjs.org/lodash.isstring/-/lodash.isstring-4.0.1.tgz",
      "integrity": "sha1-1SfftUVuynzJu5XV2ur4i6VKVFE="
    },
    "lodash.omit": {
      "version": "4.5.0",
      "resolved": "https://registry.npmjs.org/lodash.omit/-/lodash.omit-4.5.0.tgz",
      "integrity": "sha1-brGa5aHuHdnfC5aeZs4Lf6MLXmA="
    },
    "lodash.throttle": {
      "version": "4.1.1",
      "resolved": "https://registry.npmjs.org/lodash.throttle/-/lodash.throttle-4.1.1.tgz",
      "integrity": "sha1-wj6RtxAkKscMN/HhzaknTMOb8vQ="
    },
    "node-fetch": {
      "version": "1.7.3",
      "resolved": "https://registry.npmjs.org/node-fetch/-/node-fetch-1.7.3.tgz",
      "integrity": "sha512-NhZ4CsKx7cYm2vSrBAr2PvFOe6sWDf0UYLRqA6svUYg7+/TSfVAu49jYC4BvQ4Sms9SZgdqGBgroqfDhJdTyKQ==",
      "requires": {
        "encoding": "0.1.12",
        "is-stream": "1.1.0"
      }
    },
    "safe-buffer": {
      "version": "5.1.1",
      "resolved": "https://registry.npmjs.org/safe-buffer/-/safe-buffer-5.1.1.tgz",
      "integrity": "sha512-kKvNJn6Mm93gAczWVJg7wH+wGYWNrDHdWvpUmHyEsgCtIwwo3bqPtV4tR5tuPaUhTOo/kvhVwd8XwwOllGYkbg=="
    },
    "subscriptions-transport-ws": {
      "version": "0.9.6",
      "resolved": "https://registry.npmjs.org/subscriptions-transport-ws/-/subscriptions-transport-ws-0.9.6.tgz",
      "integrity": "sha512-thbrhqkwXN7kfKM6CQHSZ0/+nEJuB4mSsW0/XO5Eth5GiTZhbxysorJ7X4XCK/HKZdjhEnyVi6F//CJnRFZmQQ==",
      "requires": {
        "backo2": "1.0.2",
        "eventemitter3": "2.0.3",
        "iterall": "1.2.1",
        "lodash.assign": "4.2.0",
        "lodash.isobject": "3.0.2",
        "lodash.isstring": "4.0.1",
        "symbol-observable": "1.2.0",
        "ws": "3.3.3"
      }
    },
    "symbol-observable": {
      "version": "1.2.0",
      "resolved": "https://registry.npmjs.org/symbol-observable/-/symbol-observable-1.2.0.tgz",
      "integrity": "sha512-e900nM8RRtGhlV36KGEU9k65K3mPb1WV70OdjfxlG2EAuM1noi/E/BaW/uMhL7bPEssK8QV57vN3esixjUvcXQ=="
    },
    "ultron": {
      "version": "1.1.1",
      "resolved": "https://registry.npmjs.org/ultron/-/ultron-1.1.1.tgz",
      "integrity": "sha512-UIEXBNeYmKptWH6z8ZnqTeS8fV74zG0/eRU9VGkpzz+LIJNs8W/zM/L+7ctCkRrgbNnnR0xxw4bKOr0cW0N0Og=="
    },
    "vue-apollo": {
      "version": "3.0.0-beta.4",
      "resolved": "https://registry.npmjs.org/vue-apollo/-/vue-apollo-3.0.0-beta.4.tgz",
      "integrity": "sha512-lUCJhWMqcCeUmVFFgaCWM/s1GtA2BrqV/Vg6aCulf1A4poQb6OXQNCHiJDMArN5UP9Dpg3sj/MsD0n4nw/+Igg==",
      "requires": {
        "lodash.debounce": "4.0.8",
        "lodash.omit": "4.5.0",
        "lodash.throttle": "4.1.1"
      }
    },
    "whatwg-fetch": {
      "version": "2.0.3",
      "resolved": "https://registry.npmjs.org/whatwg-fetch/-/whatwg-fetch-2.0.3.tgz",
      "integrity": "sha1-nITsLc9oGH/wC8ZOEnS0QhduHIQ="
    },
    "ws": {
      "version": "3.3.3",
      "resolved": "https://registry.npmjs.org/ws/-/ws-3.3.3.tgz",
      "integrity": "sha512-nnWLa/NwZSt4KQJu51MYlCcSQ5g7INpOrOMt4XV8j4dqTXdmlUmSHQ8/oLC069ckre0fRsgfvsKwbTdtKLCDkA==",
      "requires": {
        "async-limiter": "1.0.0",
        "safe-buffer": "5.1.1",
        "ultron": "1.1.1"
      }
    },
    "zen-observable": {
      "version": "0.7.1",
      "resolved": "https://registry.npmjs.org/zen-observable/-/zen-observable-0.7.1.tgz",
      "integrity": "sha512-OI6VMSe0yeqaouIXtedC+F55Sr6r9ppS7+wTbSexkYdHbdt4ctTuPNXP/rwm7GTVI63YBc+EBT0b0tl7YnJLRg=="
    },
    "zen-observable-ts": {
      "version": "0.8.8",
      "resolved": "https://registry.npmjs.org/zen-observable-ts/-/zen-observable-ts-0.8.8.tgz",
      "integrity": "sha512-oGjFvBbAA94uh/HvAwJDwMHtNq4lZRtupJx8XsyreOTYvH8x1ef9hIeH/M+IqiAXtNpglq/Klh5rbpYWEeRSOQ==",
      "requires": {
        "zen-observable": "0.7.1"
      }
    }
  }
}
